
Microsoft Visual Studio Solution File, Format Version 12.00
# Visual Studio Version 16
VisualStudioVersion = 16.0.32228.343
MinimumVisualStudioVersion = 10.0.40219.1
Project("{FAE04EC0-301F-11D3-BF4B-00C04F79EFBC}") = "TestSelf", "TestSelf.csproj", "{5EEA43E7-1FF5-4606-96CB-15C3E8076B8E}"
EndProject
Global
	GlobalSection(SolutionConfigurationPlatforms) = preSolution
		Debug|Any CPU = Debug|Any CPU
		Release|Any CPU = Release|Any CPU
	EndGlobalSection
	GlobalSection(ProjectConfigurationPlatforms) = postSolution
		{5EEA43E7-1FF5-4606-96CB-15C3E8076B8E}.Debug|Any CPU.ActiveCfg = Debug|Any CPU
		{5EEA43E7-1FF5-4606-96CB-15C3E8076B8E}.Debug|Any CPU.Build.0 = Debug|Any CPU
		{5EEA43E7-1FF5-4606-96CB-15C3E8076B8E}.Release|Any CPU.ActiveCfg = Release|Any CPU
		{5EEA43E7-1FF5-4606-96CB-15C3E8076B8E}.Release|Any CPU.Build.0 = Release|Any CPU
	EndGlobalSection
	GlobalSection(SolutionProperties) = preSolution
		HideSolutionNode = FALSE
	EndGlobalSection
	GlobalSection(ExtensibilityGlobals) = postSolution
		SolutionGuid = {203068E6-DC9F-4FDA-AC36-1913BF2B7BA8}
	EndGlobalSection
EndGlobal
